
Microsoft Visual Studio Solution File, Format Version 12.00
# Visual Studio Version 16
VisualStudioVersion = 16.0.29905.134
MinimumVisualStudioVersion = 10.0.40219.1
Project("{9A19103F-16F7-4668-BE54-9A1E7A4F7556}") = "CardapioService", "Cardapio\CardapioService.csproj", "{FD461DF0-660F-4FBD-9BD0-7D5609FCF0CD}"
EndProject
Project("{9A19103F-16F7-4668-BE54-9A1E7A4F7556}") = "BDDRestaurante", "BDDRestaurante\BDDRestaurante.csproj", "{9F5911D7-84F1-41E9-9A1D-646F4F645F02}"
EndProject
Global
	GlobalSection(SolutionConfigurationPlatforms) = preSolution
		Debug|Any CPU = Debug|Any CPU
		Release|Any CPU = Release|Any CPU
	EndGlobalSection
	GlobalSection(ProjectConfigurationPlatforms) = postSolution
		{FD461DF0-660F-4FBD-9BD0-7D5609FCF0CD}.Debug|Any CPU.ActiveCfg = Debug|Any CPU
		{FD461DF0-660F-4FBD-9BD0-7D5609FCF0CD}.Debug|Any CPU.Build.0 = Debug|Any CPU
		{FD461DF0-660F-4FBD-9BD0-7D5609FCF0CD}.Release|Any CPU.ActiveCfg = Release|Any CPU
		{FD461DF0-660F-4FBD-9BD0-7D5609FCF0CD}.Release|Any CPU.Build.0 = Release|Any CPU
		{9F5911D7-84F1-41E9-9A1D-646F4F645F02}.Debug|Any CPU.ActiveCfg = Debug|Any CPU
		{9F5911D7-84F1-41E9-9A1D-646F4F645F02}.Debug|Any CPU.Build.0 = Debug|Any CPU
		{9F5911D7-84F1-41E9-9A1D-646F4F645F02}.Release|Any CPU.ActiveCfg = Release|Any CPU
		{9F5911D7-84F1-41E9-9A1D-646F4F645F02}.Release|Any CPU.Build.0 = Release|Any CPU
	EndGlobalSection
	GlobalSection(SolutionProperties) = preSolution
		HideSolutionNode = FALSE
	EndGlobalSection
	GlobalSection(ExtensibilityGlobals) = postSolution
		SolutionGuid = {92FB1345-FB0E-441F-ACC6-CF4E42BBC202}
	EndGlobalSection
EndGlobal
